
Microsoft Visual Studio Solution File, Format Version 12.00
# Visual Studio 15
VisualStudioVersion = 15.0.27130.2036
MinimumVisualStudioVersion = 10.0.40219.1
Project("{9A19103F-16F7-4668-BE54-9A1E7A4F7556}") = "Lychgate", "Lychgate\Lychgate.csproj", "{FE49A5E4-0007-4A5C-A6F0-D73EB1CB4039}"
EndProject
Project("{9A19103F-16F7-4668-BE54-9A1E7A4F7556}") = "LychgateExample", "LychgateExample\LychgateExample.csproj", "{1730A9F1-E7A6-4369-A70B-282D7A528035}"
EndProject
Global
	GlobalSection(SolutionConfigurationPlatforms) = preSolution
		Debug|Any CPU = Debug|Any CPU
		Release|Any CPU = Release|Any CPU
	EndGlobalSection
	GlobalSection(ProjectConfigurationPlatforms) = postSolution
		{FE49A5E4-0007-4A5C-A6F0-D73EB1CB4039}.Debug|Any CPU.ActiveCfg = Debug|Any CPU
		{FE49A5E4-0007-4A5C-A6F0-D73EB1CB4039}.Debug|Any CPU.Build.0 = Debug|Any CPU
		{FE49A5E4-0007-4A5C-A6F0-D73EB1CB4039}.Release|Any CPU.ActiveCfg = Release|Any CPU
		{FE49A5E4-0007-4A5C-A6F0-D73EB1CB4039}.Release|Any CPU.Build.0 = Release|Any CPU
		{1730A9F1-E7A6-4369-A70B-282D7A528035}.Debug|Any CPU.ActiveCfg = Debug|Any CPU
		{1730A9F1-E7A6-4369-A70B-282D7A528035}.Debug|Any CPU.Build.0 = Debug|Any CPU
		{1730A9F1-E7A6-4369-A70B-282D7A528035}.Release|Any CPU.ActiveCfg = Release|Any CPU
		{1730A9F1-E7A6-4369-A70B-282D7A528035}.Release|Any CPU.Build.0 = Release|Any CPU
	EndGlobalSection
	GlobalSection(SolutionProperties) = preSolution
		HideSolutionNode = FALSE
	EndGlobalSection
	GlobalSection(ExtensibilityGlobals) = postSolution
		SolutionGuid = {EA60D62F-1A16-4741-B47D-4472818D7CD5}
	EndGlobalSection
EndGlobal
